
Microsoft Visual Studio Solution File, Format Version 12.00
# Visual Studio 14
VisualStudioVersion = 14.0.25420.1
MinimumVisualStudioVersion = 10.0.40219.1
Project("{FAE04EC0-301F-11D3-BF4B-00C04F79EFBC}") = "Channel6.WebUI", "Channel6.WebUI\Channel6.WebUI.csproj", "{A4C80D66-FD43-4C9A-8EBD-F15188F1E603}"
EndProject
Project("{FAE04EC0-301F-11D3-BF4B-00C04F79EFBC}") = "Channel6.Dal", "Channel6.Domain\Channel6.Dal.csproj", "{FB258827-A8F8-4FBF-9287-9E847DB6B414}"
EndProject
Project("{FAE04EC0-301F-11D3-BF4B-00C04F79EFBC}") = "Channel6.Core", "Channel6.Core\Channel6.Core.csproj", "{C439F815-F702-4FE7-986E-CB4EFE00B9A3}"
EndProject
Project("{2150E333-8FDC-42A3-9474-1A3956D46DE8}") = "DataTier", "DataTier", "{DFB8BA36-AC91-49A1-BA1F-F3AE6744E982}"
EndProject
Project("{FAE04EC0-301F-11D3-BF4B-00C04F79EFBC}") = "Channel6.Model", "Channel6.Model\Channel6.Model.csproj", "{154DD488-5B9B-4B88-AEBF-155C058481B5}"
EndProject
Project("{FAE04EC0-301F-11D3-BF4B-00C04F79EFBC}") = "Channel6.Data.SqlCe", "Channel6.Data.SqlCe\Channel6.Data.SqlCe.csproj", "{90C66F77-34DA-44A1-AAB0-AE0143EA1498}"
EndProject
Project("{FAE04EC0-301F-11D3-BF4B-00C04F79EFBC}") = "Channel6.Data", "Channel6.Data\Channel6.Data.csproj", "{5FC4260B-381D-4A4D-9387-F219C61481D5}"
EndProject
Project("{2150E333-8FDC-42A3-9474-1A3956D46DE8}") = "deprecated", "deprecated", "{A3EA4632-4C92-4C41-B09C-9396A03BAF38}"
EndProject
Project("{2150E333-8FDC-42A3-9474-1A3956D46DE8}") = "BusineddLogic", "BusineddLogic", "{B3498A39-5D1F-4625-B813-F83A3A6A3747}"
EndProject
Project("{FAE04EC0-301F-11D3-BF4B-00C04F79EFBC}") = "Channel6.Domain", "Channel6.Domain\Channel6.Domain.csproj", "{2E8CAB74-7B70-4E3D-A4C3-A2D3E88192F9}"
EndProject
Global
	GlobalSection(SolutionConfigurationPlatforms) = preSolution
		Debug|Any CPU = Debug|Any CPU
		Release|Any CPU = Release|Any CPU
	EndGlobalSection
	GlobalSection(ProjectConfigurationPlatforms) = postSolution
		{A4C80D66-FD43-4C9A-8EBD-F15188F1E603}.Debug|Any CPU.ActiveCfg = Debug|Any CPU
		{A4C80D66-FD43-4C9A-8EBD-F15188F1E603}.Debug|Any CPU.Build.0 = Debug|Any CPU
		{A4C80D66-FD43-4C9A-8EBD-F15188F1E603}.Release|Any CPU.ActiveCfg = Release|Any CPU
		{A4C80D66-FD43-4C9A-8EBD-F15188F1E603}.Release|Any CPU.Build.0 = Release|Any CPU
		{FB258827-A8F8-4FBF-9287-9E847DB6B414}.Debug|Any CPU.ActiveCfg = Debug|Any CPU
		{FB258827-A8F8-4FBF-9287-9E847DB6B414}.Debug|Any CPU.Build.0 = Debug|Any CPU
		{FB258827-A8F8-4FBF-9287-9E847DB6B414}.Release|Any CPU.ActiveCfg = Release|Any CPU
		{FB258827-A8F8-4FBF-9287-9E847DB6B414}.Release|Any CPU.Build.0 = Release|Any CPU
		{C439F815-F702-4FE7-986E-CB4EFE00B9A3}.Debug|Any CPU.ActiveCfg = Debug|Any CPU
		{C439F815-F702-4FE7-986E-CB4EFE00B9A3}.Debug|Any CPU.Build.0 = Debug|Any CPU
		{C439F815-F702-4FE7-986E-CB4EFE00B9A3}.Release|Any CPU.ActiveCfg = Release|Any CPU
		{C439F815-F702-4FE7-986E-CB4EFE00B9A3}.Release|Any CPU.Build.0 = Release|Any CPU
		{154DD488-5B9B-4B88-AEBF-155C058481B5}.Debug|Any CPU.ActiveCfg = Debug|Any CPU
		{154DD488-5B9B-4B88-AEBF-155C058481B5}.Debug|Any CPU.Build.0 = Debug|Any CPU
		{154DD488-5B9B-4B88-AEBF-155C058481B5}.Release|Any CPU.ActiveCfg = Release|Any CPU
		{154DD488-5B9B-4B88-AEBF-155C058481B5}.Release|Any CPU.Build.0 = Release|Any CPU
		{90C66F77-34DA-44A1-AAB0-AE0143EA1498}.Debug|Any CPU.ActiveCfg = Debug|Any CPU
		{90C66F77-34DA-44A1-AAB0-AE0143EA1498}.Debug|Any CPU.Build.0 = Debug|Any CPU
		{90C66F77-34DA-44A1-AAB0-AE0143EA1498}.Release|Any CPU.ActiveCfg = Release|Any CPU
		{90C66F77-34DA-44A1-AAB0-AE0143EA1498}.Release|Any CPU.Build.0 = Release|Any CPU
		{5FC4260B-381D-4A4D-9387-F219C61481D5}.Debug|Any CPU.ActiveCfg = Debug|Any CPU
		{5FC4260B-381D-4A4D-9387-F219C61481D5}.Debug|Any CPU.Build.0 = Debug|Any CPU
		{5FC4260B-381D-4A4D-9387-F219C61481D5}.Release|Any CPU.ActiveCfg = Release|Any CPU
		{5FC4260B-381D-4A4D-9387-F219C61481D5}.Release|Any CPU.Build.0 = Release|Any CPU
		{2E8CAB74-7B70-4E3D-A4C3-A2D3E88192F9}.Debug|Any CPU.ActiveCfg = Debug|Any CPU
		{2E8CAB74-7B70-4E3D-A4C3-A2D3E88192F9}.Debug|Any CPU.Build.0 = Debug|Any CPU
		{2E8CAB74-7B70-4E3D-A4C3-A2D3E88192F9}.Release|Any CPU.ActiveCfg = Release|Any CPU
		{2E8CAB74-7B70-4E3D-A4C3-A2D3E88192F9}.Release|Any CPU.Build.0 = Release|Any CPU
	EndGlobalSection
	GlobalSection(SolutionProperties) = preSolution
		HideSolutionNode = FALSE
	EndGlobalSection
	GlobalSection(NestedProjects) = preSolution
		{FB258827-A8F8-4FBF-9287-9E847DB6B414} = {A3EA4632-4C92-4C41-B09C-9396A03BAF38}
		{C439F815-F702-4FE7-986E-CB4EFE00B9A3} = {A3EA4632-4C92-4C41-B09C-9396A03BAF38}
		{154DD488-5B9B-4B88-AEBF-155C058481B5} = {DFB8BA36-AC91-49A1-BA1F-F3AE6744E982}
		{90C66F77-34DA-44A1-AAB0-AE0143EA1498} = {DFB8BA36-AC91-49A1-BA1F-F3AE6744E982}
		{5FC4260B-381D-4A4D-9387-F219C61481D5} = {DFB8BA36-AC91-49A1-BA1F-F3AE6744E982}
		{2E8CAB74-7B70-4E3D-A4C3-A2D3E88192F9} = {B3498A39-5D1F-4625-B813-F83A3A6A3747}
	EndGlobalSection
EndGlobal
